
Microsoft Visual Studio Solution File, Format Version 11.00
# Visual Studio 2010
Project("{FAE04EC0-301F-11D3-BF4B-00C04F79EFBC}") = "PaginaFinal", "PaginaFinal\PaginaFinal.csproj", "{D227BEDD-CB1D-42AD-B303-EBC34E409BC4}"
EndProject
Global
	GlobalSection(SolutionConfigurationPlatforms) = preSolution
		Debug|Any CPU = Debug|Any CPU
		Release|Any CPU = Release|Any CPU
	EndGlobalSection
	GlobalSection(ProjectConfigurationPlatforms) = postSolution
		{D227BEDD-CB1D-42AD-B303-EBC34E409BC4}.Debug|Any CPU.ActiveCfg = Debug|Any CPU
		{D227BEDD-CB1D-42AD-B303-EBC34E409BC4}.Debug|Any CPU.Build.0 = Debug|Any CPU
		{D227BEDD-CB1D-42AD-B303-EBC34E409BC4}.Release|Any CPU.ActiveCfg = Release|Any CPU
		{D227BEDD-CB1D-42AD-B303-EBC34E409BC4}.Release|Any CPU.Build.0 = Release|Any CPU
	EndGlobalSection
	GlobalSection(SolutionProperties) = preSolution
		HideSolutionNode = FALSE
	EndGlobalSection
EndGlobal
